// !$*UTF8*$!
{
	archiveVersion = 1;
	classes = {
	};
	objectVersion = 56;
	objects = {


		9ED3B04C83674EB984281DBC  = {isa = PBXBuildFile; fileRef = 9085A8821D714A7CA0BC5FD4 ; };
		BCF4090E3F56401B947B9B9C  = {isa = PBXBuildFile; fileRef = ED9E2B0AB01247418A49D7EA ; };
		93951AC8659A45D380A39DB9  = {isa = PBXBuildFile; fileRef = 9788E768F54E4D5C8E06E509 ; };
		BC7789C8734748C8B6738763  = {isa = PBXBuildFile; fileRef = BE052899F08A49699493A588 ; };
		C728FB52375040798F4C515D  = {isa = PBXBuildFile; fileRef = 8788F0BDDE4E437DA035B3F7 ; };
		71249ED6F9DD4B3A98F3C72B  = {isa = PBXBuildFile; fileRef = 3339086E469A41AE8971DFE8 ; };
		C219CEC0488D45DBB0794E8D  = {isa = PBXBuildFile; fileRef = FE70FCC9B189450E93CB088A ; };
		E8A188E636894EB18ACCB8AC  = {isa = PBXBuildFile; fileRef = D8DACDA344AE4A6EA3E14223 ; };
		07A4891B35EB4C55882E12FA  = {isa = PBXBuildFile; fileRef = 77953CDE5AB0403089AF662E ; };
		CEFAEC2C75A54F3797EB6539  = {isa = PBXBuildFile; fileRef = 0027FD175E874368B0CFFAB2 ; };
		ABDFDAE9B6174D5BA8D75A2F  = {isa = PBXBuildFile; fileRef = 05C1252FA3794DF4A0A33A00 ; };
		088B8CE2843943668261DA14  = {isa = PBXBuildFile; fileRef = 1B13B0496A5B4CEAAE414968 ; };
		B632ED66DC694FAB98122CF0  = {isa = PBXBuildFile; fileRef = 31CE572357FB414DB26A27C6 ; };
		2539ECE3AF58491D81966D15  = {isa = PBXBuildFile; fileRef = DB18A906A123470F96161AEC ; };
		F8899BD277D44ED88B05F86E  = {isa = PBXBuildFile; fileRef = AC5CD8674373461C8D1B9B71 ; };
		B49FCBC83AC44C608CF2DC9D  = {isa = PBXBuildFile; fileRef = 63A6A2C2B6FF40DE9F02D992 ; };
		E54D7191DB424F3DACCDAA33  = {isa = PBXBuildFile; fileRef = 82B9EDE0EF024853A9455D2D ; };
		909611446278464D846CC00B  = {isa = PBXBuildFile; fileRef = 307822B0F57F462D9D48A7B2 ; };
		B975F4D8ED03499991EEF3A7  = {isa = PBXBuildFile; fileRef = 862F24C7DAD54E96B72770C3 ; };
		2E7F21FAC7094896B4D7A9B5  = {isa = PBXBuildFile; fileRef = AD70D96F01F3435B8BE0B54E ; };
		6A86A701FF6E4F78A62EA111  = {isa = PBXBuildFile; fileRef = 5D2F8A6C20974D63A6D7D222 ; };
		7C3B7E1B1F1B4E9D9E6A4C44  = {isa = PBXBuildFile; fileRef = 4F3B8A9A0A2A4D2F9D6D8B22 ; };
		2CFB7E2F7C1F401FBF1E3AAA  = {isa = PBXBuildFile; fileRef = 6D93B1CDA1A94616A1C9B444 ; };
		289E2F4DB4804C1D85770BE5  = {isa = PBXBuildFile; fileRef = 420FBA8B4AB94D939EAD0A5B ; };
		A7B4BA5EC541405C82D86552  = {isa = PBXBuildFile; fileRef = 04B864E7BE8749C1AA44AB92 ; };
		143494019139403E9F6F2EE6  = {isa = PBXBuildFile; fileRef = A0C69949917F42C99FDD8CB3 ; };
		E3D9F30BD6A7439BA5C5C333  = {isa = PBXBuildFile; fileRef = C1B7D18AB4E64DF7B7B7A111 ; };
		F4EA041CE7B24A8C94D4D444  = {isa = PBXBuildFile; fileRef = D2C8E29AC5F7428FA6A6B222 ; };
		C5B4A3A2918076F5E4D3C2B1  = {isa = PBXBuildFile; fileRef = A1B2C3D4E5F60718293A4B5C ; };

		72E05804EE264D71B61E615A  = {isa = PBXBuildFile; fileRef = 94BB5FE08CE24CB3BC1D61D8 ; };
		B93C4018C1F646F2BF946836  = {isa = PBXBuildFile; fileRef = CE7C48B47F3247C18CCF36EC ; };



		49E038529E774D348F9DE9E5  = {isa = PBXFileReference; explicitFileType = wrapper.application; path = PixiaChat.app; sourceTree = BUILT_PRODUCTS_DIR; };
		E029B7A66619443C97B80FA7  = {isa = PBXFileReference; lastKnownFileType = text.plist.xml; path = Info.plist; sourceTree = "<group>"; };
		CE7C48B47F3247C18CCF36EC  = {isa = PBXFileReference; lastKnownFileType = file.storyboard; path = LaunchScreen.storyboard; sourceTree = "<group>"; };
		94BB5FE08CE24CB3BC1D61D8  = {isa = PBXFileReference; lastKnownFileType = folder.assetcatalog; path = Assets.xcassets; sourceTree = "<group>"; };


		9085A8821D714A7CA0BC5FD4  = {isa = PBXFileReference; lastKnownFileType = sourcecode.swift; path = PixiaChatApp.swift; sourceTree = "<group>"; };
		ED9E2B0AB01247418A49D7EA  = {isa = PBXFileReference; lastKnownFileType = sourcecode.swift; path = RootView.swift; sourceTree = "<group>"; };
		9788E768F54E4D5C8E06E509  = {isa = PBXFileReference; lastKnownFileType = sourcecode.swift; path = ChatListView.swift; sourceTree = "<group>"; };
		BE052899F08A49699493A588  = {isa = PBXFileReference; lastKnownFileType = sourcecode.swift; path = ChatView.swift; sourceTree = "<group>"; };
		8788F0BDDE4E437DA035B3F7  = {isa = PBXFileReference; lastKnownFileType = sourcecode.swift; path = SettingsView.swift; sourceTree = "<group>"; };
		3339086E469A41AE8971DFE8  = {isa = PBXFileReference; lastKnownFileType = sourcecode.swift; path = ChatBubbleView.swift; sourceTree = "<group>"; };
		A1B2C3D4E5F60718293A4B5C  = {isa = PBXFileReference; lastKnownFileType = sourcecode.swift; path = MarkdownView.swift; sourceTree = "<group>"; };
		C1B7D18AB4E64DF7B7B7A111  = {isa = PBXFileReference; lastKnownFileType = sourcecode.swift; path = ChatSplitView.swift; sourceTree = "<group>"; };
		D2C8E29AC5F7428FA6A6B222  = {isa = PBXFileReference; lastKnownFileType = sourcecode.swift; path = TypingIndicatorView.swift; sourceTree = "<group>"; };
		4F3B8A9A0A2A4D2F9D6D8B22  = {isa = PBXFileReference; lastKnownFileType = sourcecode.swift; path = SettingsSplitView.swift; sourceTree = "<group>"; };

		FE70FCC9B189450E93CB088A  = {isa = PBXFileReference; lastKnownFileType = sourcecode.swift; path = ChatMessage.swift; sourceTree = "<group>"; };
		D8DACDA344AE4A6EA3E14223  = {isa = PBXFileReference; lastKnownFileType = sourcecode.swift; path = "ChatSession+CoreDataClass.swift"; sourceTree = "<group>"; };
		77953CDE5AB0403089AF662E  = {isa = PBXFileReference; lastKnownFileType = sourcecode.swift; path = "ChatSession+CoreDataProperties.swift"; sourceTree = "<group>"; };
		0027FD175E874368B0CFFAB2  = {isa = PBXFileReference; lastKnownFileType = sourcecode.swift; path = "Message+CoreDataClass.swift"; sourceTree = "<group>"; };
		05C1252FA3794DF4A0A33A00  = {isa = PBXFileReference; lastKnownFileType = sourcecode.swift; path = "Message+CoreDataProperties.swift"; sourceTree = "<group>"; };

		1B13B0496A5B4CEAAE414968  = {isa = PBXFileReference; lastKnownFileType = sourcecode.swift; path = PersistenceController.swift; sourceTree = "<group>"; };
		31CE572357FB414DB26A27C6  = {isa = PBXFileReference; lastKnownFileType = sourcecode.swift; path = ChatStore.swift; sourceTree = "<group>"; };
		DB18A906A123470F96161AEC  = {isa = PBXFileReference; lastKnownFileType = sourcecode.swift; path = CoreDataModel.swift; sourceTree = "<group>"; };

		AC5CD8674373461C8D1B9B71  = {isa = PBXFileReference; lastKnownFileType = sourcecode.swift; path = LLMClient.swift; sourceTree = "<group>"; };
		63A6A2C2B6FF40DE9F02D992  = {isa = PBXFileReference; lastKnownFileType = sourcecode.swift; path = OpenAIChatCompletionsClient.swift; sourceTree = "<group>"; };
		82B9EDE0EF024853A9455D2D  = {isa = PBXFileReference; lastKnownFileType = sourcecode.swift; path = OpenAIResponsesClient.swift; sourceTree = "<group>"; };
		307822B0F57F462D9D48A7B2  = {isa = PBXFileReference; lastKnownFileType = sourcecode.swift; path = SSEParser.swift; sourceTree = "<group>"; };
		862F24C7DAD54E96B72770C3  = {isa = PBXFileReference; lastKnownFileType = sourcecode.swift; path = KeychainService.swift; sourceTree = "<group>"; };
		AD70D96F01F3435B8BE0B54E  = {isa = PBXFileReference; lastKnownFileType = sourcecode.swift; path = SettingsStore.swift; sourceTree = "<group>"; };
		5D2F8A6C20974D63A6D7D222  = {isa = PBXFileReference; lastKnownFileType = sourcecode.swift; path = Haptics.swift; sourceTree = "<group>"; };
		6D93B1CDA1A94616A1C9B444  = {isa = PBXFileReference; lastKnownFileType = sourcecode.swift; path = DebugLogger.swift; sourceTree = "<group>"; };

		420FBA8B4AB94D939EAD0A5B  = {isa = PBXFileReference; lastKnownFileType = sourcecode.swift; path = ChatListViewModel.swift; sourceTree = "<group>"; };
		04B864E7BE8749C1AA44AB92  = {isa = PBXFileReference; lastKnownFileType = sourcecode.swift; path = ChatViewModel.swift; sourceTree = "<group>"; };
		A0C69949917F42C99FDD8CB3  = {isa = PBXFileReference; lastKnownFileType = sourcecode.swift; path = SettingsViewModel.swift; sourceTree = "<group>"; };



		4A7FD201E9164703B45D80F5  = {
			isa = PBXFrameworksBuildPhase;
			buildActionMask = 2147483647;
			files = (
			);
			runOnlyForDeploymentPostprocessing = 0;
		};



		36FC70A668604533909A866A = {
			isa = PBXGroup;
			children = (
				8AE731BA4A3A4DE3A5A0FB76 ,
				A9EE4F1FF3F84B7AB31E9365 ,
			);
			sourceTree = "<group>";
		};

		A9EE4F1FF3F84B7AB31E9365  = {
			isa = PBXGroup;
			children = (
				49E038529E774D348F9DE9E5 ,
			);
			name = Products;
			sourceTree = "<group>";
		};

		8AE731BA4A3A4DE3A5A0FB76  = {
			isa = PBXGroup;
			children = (
				3DF50B5690594DCFBC62629A ,
				E6A333F5DA114E28887ECAF4 ,
				A1DA42CA8E2C4AFBB43E5B00 ,
				0CE7C09BEEFD4F6285FAC949 ,
				D24296E29720454085D0A93A ,
				F0C6BBB019C94B1FA0184809 ,
				B926525F49884EA789E1CF1B ,
			);
			path = "pixia-chat";
			sourceTree = "<group>";
		};

		3DF50B5690594DCFBC62629A  = {
			isa = PBXGroup;
			children = (
				9085A8821D714A7CA0BC5FD4 ,
			);
			path = App;
			sourceTree = "<group>";
		};

		E6A333F5DA114E28887ECAF4  = {
			isa = PBXGroup;
			children = (
				FE70FCC9B189450E93CB088A ,
				D8DACDA344AE4A6EA3E14223 ,
				77953CDE5AB0403089AF662E ,
				0027FD175E874368B0CFFAB2 ,
				05C1252FA3794DF4A0A33A00 ,
			);
			path = Models;
			sourceTree = "<group>";
		};

		A1DA42CA8E2C4AFBB43E5B00  = {
			isa = PBXGroup;
			children = (
				1B13B0496A5B4CEAAE414968 ,
				31CE572357FB414DB26A27C6 ,
				DB18A906A123470F96161AEC ,
			);
			path = Stores;
			sourceTree = "<group>";
		};

		0CE7C09BEEFD4F6285FAC949  = {
			isa = PBXGroup;
			children = (
				AC5CD8674373461C8D1B9B71 ,
				63A6A2C2B6FF40DE9F02D992 ,
				82B9EDE0EF024853A9455D2D ,
				307822B0F57F462D9D48A7B2 ,
				862F24C7DAD54E96B72770C3 ,
				AD70D96F01F3435B8BE0B54E ,
				5D2F8A6C20974D63A6D7D222 ,
				6D93B1CDA1A94616A1C9B444 ,
			);
			path = Services;
			sourceTree = "<group>";
		};

		D24296E29720454085D0A93A  = {
			isa = PBXGroup;
			children = (
				420FBA8B4AB94D939EAD0A5B ,
				04B864E7BE8749C1AA44AB92 ,
				A0C69949917F42C99FDD8CB3 ,
			);
			path = ViewModels;
			sourceTree = "<group>";
		};

		F0C6BBB019C94B1FA0184809  = {
			isa = PBXGroup;
			children = (
				ED9E2B0AB01247418A49D7EA ,
				9788E768F54E4D5C8E06E509 ,
				BE052899F08A49699493A588 ,
				8788F0BDDE4E437DA035B3F7 ,
				3339086E469A41AE8971DFE8 ,
				A1B2C3D4E5F60718293A4B5C ,
				C1B7D18AB4E64DF7B7B7A111 ,
				D2C8E29AC5F7428FA6A6B222 ,
				4F3B8A9A0A2A4D2F9D6D8B22 ,
			);
			path = Views;
			sourceTree = "<group>";
		};

		B926525F49884EA789E1CF1B  = {
			isa = PBXGroup;
			children = (
				94BB5FE08CE24CB3BC1D61D8 ,
				CE7C48B47F3247C18CCF36EC ,
				E029B7A66619443C97B80FA7 ,
			);
			sourceTree = "<group>";
		};



		2E0B4342D7CA40FE84A6550E  = {
			isa = PBXNativeTarget;
			buildConfigurationList = B466AE8162EF4C1B8B4F4D95 ;
			buildPhases = (
				0AB7C9B516EC4B2DB322F481 ,
				4A7FD201E9164703B45D80F5 ,
				BBBE61C914B74F079CEAF30E ,
			);
			buildRules = (
			);
			dependencies = (
			);
			name = PixiaChat;
			productName = PixiaChat;
			productReference = 49E038529E774D348F9DE9E5 ;
			productType = "com.apple.product-type.application";
		};



		38EDBD7E14184011B35BF5CB  = {
			isa = PBXProject;
			attributes = {
				LastUpgradeCheck = 1500;
				TargetAttributes = {
					2E0B4342D7CA40FE84A6550E = {
						CreatedOnToolsVersion = 15.0;
					};
				};
			};
			buildConfigurationList = 7AD7BCD5C42C4127B3E94D7D ;
			compatibilityVersion = "Xcode 13.0";
			developmentRegion = en;
			hasScannedForEncodings = 0;
			knownRegions = (
				en,
			);
			mainGroup = 36FC70A668604533909A866A;
			productRefGroup = A9EE4F1FF3F84B7AB31E9365 ;
			projectDirPath = "";
			projectRoot = "";
			targets = (
				2E0B4342D7CA40FE84A6550E ,
			);
		};



		BBBE61C914B74F079CEAF30E  = {
			isa = PBXResourcesBuildPhase;
			buildActionMask = 2147483647;
			files = (
				72E05804EE264D71B61E615A ,
				B93C4018C1F646F2BF946836 ,
			);
			runOnlyForDeploymentPostprocessing = 0;
		};



		0AB7C9B516EC4B2DB322F481  = {
			isa = PBXSourcesBuildPhase;
			buildActionMask = 2147483647;
			files = (
				9ED3B04C83674EB984281DBC ,
				BCF4090E3F56401B947B9B9C ,
				93951AC8659A45D380A39DB9 ,
				BC7789C8734748C8B6738763 ,
				C728FB52375040798F4C515D ,
				71249ED6F9DD4B3A98F3C72B ,
				C219CEC0488D45DBB0794E8D ,
				E8A188E636894EB18ACCB8AC ,
				07A4891B35EB4C55882E12FA ,
				CEFAEC2C75A54F3797EB6539 ,
				ABDFDAE9B6174D5BA8D75A2F ,
				088B8CE2843943668261DA14 ,
				B632ED66DC694FAB98122CF0 ,
				2539ECE3AF58491D81966D15 ,
				F8899BD277D44ED88B05F86E ,
				B49FCBC83AC44C608CF2DC9D ,
				E54D7191DB424F3DACCDAA33 ,
				909611446278464D846CC00B ,
				B975F4D8ED03499991EEF3A7 ,
				2E7F21FAC7094896B4D7A9B5 ,
				6A86A701FF6E4F78A62EA111 ,
				2CFB7E2F7C1F401FBF1E3AAA ,
				289E2F4DB4804C1D85770BE5 ,
				A7B4BA5EC541405C82D86552 ,
				143494019139403E9F6F2EE6 ,
				E3D9F30BD6A7439BA5C5C333 ,
				F4EA041CE7B24A8C94D4D444 ,
				C5B4A3A2918076F5E4D3C2B1 ,
				7C3B7E1B1F1B4E9D9E6A4C44 ,
			);
			runOnlyForDeploymentPostprocessing = 0;
		};






		7E49334A5DF143DEA54602BA  = {
			isa = XCBuildConfiguration;
			buildSettings = {
				CLANG_ANALYZER_NONNULL = YES;
				CLANG_CXX_LANGUAGE_STANDARD = "gnu++17";
				CLANG_CXX_LIBRARY = "libc++";
				CLANG_ENABLE_MODULES = YES;
				CLANG_ENABLE_OBJC_ARC = YES;
				CLANG_ENABLE_OBJC_WEAK = YES;
				GCC_C_LANGUAGE_STANDARD = gnu11;
			};
			name = Debug;
		};

		35FF6540156F4BF1A5DF0A8F  = {
			isa = XCBuildConfiguration;
			buildSettings = {
				CLANG_ANALYZER_NONNULL = YES;
				CLANG_CXX_LANGUAGE_STANDARD = "gnu++17";
				CLANG_CXX_LIBRARY = "libc++";
				CLANG_ENABLE_MODULES = YES;
				CLANG_ENABLE_OBJC_ARC = YES;
				CLANG_ENABLE_OBJC_WEAK = YES;
				GCC_C_LANGUAGE_STANDARD = gnu11;
			};
			name = Release;
		};

			1F73283F93344B2680576002  = {
				isa = XCBuildConfiguration;
				buildSettings = {
					ASSETCATALOG_COMPILER_APPICON_NAME = AppIcon;
					ASSETCATALOG_COMPILER_GLOBAL_ACCENT_COLOR_NAME = AccentColor;
					CODE_SIGN_STYLE = Automatic;
					CURRENT_PROJECT_VERSION = 1;
					DEVELOPMENT_TEAM = "";
					GENERATE_INFOPLIST_FILE = NO;
					INFOPLIST_FILE = "pixia-chat/Info.plist";
					INFOPLIST_KEY_UIApplicationSupportsMultipleScenes = YES;
					INFOPLIST_KEY_UIRequiresFullScreen = NO;
					IPHONEOS_DEPLOYMENT_TARGET = 15.0;
					LD_RUNPATH_SEARCH_PATHS = "$(inherited) @executable_path/Frameworks";
					MARKETING_VERSION = 1.0.1;
					PRODUCT_BUNDLE_IDENTIFIER = euorg.pixiachat.pixia;
					PRODUCT_NAME = PixiaChat;
					SDKROOT = iphoneos;
					SUPPORTED_PLATFORMS = "iphoneos iphonesimulator";
					SWIFT_ACTIVE_COMPILATION_CONDITIONS = DEBUG;
					SWIFT_VERSION = 5.0;
					TARGETED_DEVICE_FAMILY = "1,2";
				};
				name = Debug;
			};

			DAA09C0CA4854F1E81662362  = {
				isa = XCBuildConfiguration;
				buildSettings = {
					ASSETCATALOG_COMPILER_APPICON_NAME = AppIcon;
					ASSETCATALOG_COMPILER_GLOBAL_ACCENT_COLOR_NAME = AccentColor;
					CODE_SIGN_STYLE = Automatic;
					CURRENT_PROJECT_VERSION = 1;
					DEVELOPMENT_TEAM = "";
					GENERATE_INFOPLIST_FILE = NO;
					INFOPLIST_FILE = "pixia-chat/Info.plist";
					INFOPLIST_KEY_UIApplicationSupportsMultipleScenes = YES;
					INFOPLIST_KEY_UIRequiresFullScreen = NO;
					IPHONEOS_DEPLOYMENT_TARGET = 15.0;
					LD_RUNPATH_SEARCH_PATHS = "$(inherited) @executable_path/Frameworks";
					MARKETING_VERSION = 1.0.1;
					PRODUCT_BUNDLE_IDENTIFIER = euorg.pixiachat.pixia;
					PRODUCT_NAME = PixiaChat;
					SDKROOT = iphoneos;
					SUPPORTED_PLATFORMS = "iphoneos iphonesimulator";
					SWIFT_VERSION = 5.0;
					TARGETED_DEVICE_FAMILY = "1,2";
				};
				name = Release;
			};



		7AD7BCD5C42C4127B3E94D7D  = {
			isa = XCConfigurationList;
			buildConfigurations = (
				7E49334A5DF143DEA54602BA ,
				35FF6540156F4BF1A5DF0A8F ,
			);
			defaultConfigurationIsVisible = 0;
			defaultConfigurationName = Release;
		};

		B466AE8162EF4C1B8B4F4D95  = {
			isa = XCConfigurationList;
			buildConfigurations = (
				1F73283F93344B2680576002 ,
				DAA09C0CA4854F1E81662362 ,
			);
			defaultConfigurationIsVisible = 0;
			defaultConfigurationName = Release;
		};







	};
	rootObject = 38EDBD7E14184011B35BF5CB ;
}
