// !$*UTF8*$!
{
	archiveVersion = 1;
	classes = {
	};
	objectVersion = 56;
	objects = {

/* Begin PBXBuildFile section */
		9ED3B04C83674EB984281DBC /* PixiaChatApp.swift in Sources */ = {isa = PBXBuildFile; fileRef = 9085A8821D714A7CA0BC5FD4 /* PixiaChatApp.swift */; };
		BCF4090E3F56401B947B9B9C /* RootView.swift in Sources */ = {isa = PBXBuildFile; fileRef = ED9E2B0AB01247418A49D7EA /* RootView.swift */; };
		93951AC8659A45D380A39DB9 /* ChatListView.swift in Sources */ = {isa = PBXBuildFile; fileRef = 9788E768F54E4D5C8E06E509 /* ChatListView.swift */; };
		BC7789C8734748C8B6738763 /* ChatView.swift in Sources */ = {isa = PBXBuildFile; fileRef = BE052899F08A49699493A588 /* ChatView.swift */; };
		C728FB52375040798F4C515D /* SettingsView.swift in Sources */ = {isa = PBXBuildFile; fileRef = 8788F0BDDE4E437DA035B3F7 /* SettingsView.swift */; };
		71249ED6F9DD4B3A98F3C72B /* ChatBubbleView.swift in Sources */ = {isa = PBXBuildFile; fileRef = 3339086E469A41AE8971DFE8 /* ChatBubbleView.swift */; };
		C219CEC0488D45DBB0794E8D /* ChatMessage.swift in Sources */ = {isa = PBXBuildFile; fileRef = FE70FCC9B189450E93CB088A /* ChatMessage.swift */; };
		E8A188E636894EB18ACCB8AC /* ChatSession+CoreDataClass.swift in Sources */ = {isa = PBXBuildFile; fileRef = D8DACDA344AE4A6EA3E14223 /* ChatSession+CoreDataClass.swift */; };
		07A4891B35EB4C55882E12FA /* ChatSession+CoreDataProperties.swift in Sources */ = {isa = PBXBuildFile; fileRef = 77953CDE5AB0403089AF662E /* ChatSession+CoreDataProperties.swift */; };
		CEFAEC2C75A54F3797EB6539 /* Message+CoreDataClass.swift in Sources */ = {isa = PBXBuildFile; fileRef = 0027FD175E874368B0CFFAB2 /* Message+CoreDataClass.swift */; };
		ABDFDAE9B6174D5BA8D75A2F /* Message+CoreDataProperties.swift in Sources */ = {isa = PBXBuildFile; fileRef = 05C1252FA3794DF4A0A33A00 /* Message+CoreDataProperties.swift */; };
		088B8CE2843943668261DA14 /* PersistenceController.swift in Sources */ = {isa = PBXBuildFile; fileRef = 1B13B0496A5B4CEAAE414968 /* PersistenceController.swift */; };
		B632ED66DC694FAB98122CF0 /* ChatStore.swift in Sources */ = {isa = PBXBuildFile; fileRef = 31CE572357FB414DB26A27C6 /* ChatStore.swift */; };
		F8899BD277D44ED88B05F86E /* LLMClient.swift in Sources */ = {isa = PBXBuildFile; fileRef = AC5CD8674373461C8D1B9B71 /* LLMClient.swift */; };
		B49FCBC83AC44C608CF2DC9D /* OpenAIChatCompletionsClient.swift in Sources */ = {isa = PBXBuildFile; fileRef = 63A6A2C2B6FF40DE9F02D992 /* OpenAIChatCompletionsClient.swift */; };
		E54D7191DB424F3DACCDAA33 /* OpenAIResponsesClient.swift in Sources */ = {isa = PBXBuildFile; fileRef = 82B9EDE0EF024853A9455D2D /* OpenAIResponsesClient.swift */; };
		909611446278464D846CC00B /* SSEParser.swift in Sources */ = {isa = PBXBuildFile; fileRef = 307822B0F57F462D9D48A7B2 /* SSEParser.swift */; };
		B975F4D8ED03499991EEF3A7 /* KeychainService.swift in Sources */ = {isa = PBXBuildFile; fileRef = 862F24C7DAD54E96B72770C3 /* KeychainService.swift */; };
		2E7F21FAC7094896B4D7A9B5 /* SettingsStore.swift in Sources */ = {isa = PBXBuildFile; fileRef = AD70D96F01F3435B8BE0B54E /* SettingsStore.swift */; };
		289E2F4DB4804C1D85770BE5 /* ChatListViewModel.swift in Sources */ = {isa = PBXBuildFile; fileRef = 420FBA8B4AB94D939EAD0A5B /* ChatListViewModel.swift */; };
		A7B4BA5EC541405C82D86552 /* ChatViewModel.swift in Sources */ = {isa = PBXBuildFile; fileRef = 04B864E7BE8749C1AA44AB92 /* ChatViewModel.swift */; };
		143494019139403E9F6F2EE6 /* SettingsViewModel.swift in Sources */ = {isa = PBXBuildFile; fileRef = A0C69949917F42C99FDD8CB3 /* SettingsViewModel.swift */; };

		72E05804EE264D71B61E615A /* Assets.xcassets in Resources */ = {isa = PBXBuildFile; fileRef = 94BB5FE08CE24CB3BC1D61D8 /* Assets.xcassets */; };
		B93C4018C1F646F2BF946836 /* LaunchScreen.storyboard in Resources */ = {isa = PBXBuildFile; fileRef = CE7C48B47F3247C18CCF36EC /* LaunchScreen.storyboard */; };
		7CA1A2927F584DA2A0F2F91D /* PixiaChat.xcdatamodeld in Resources */ = {isa = PBXBuildFile; fileRef = 661A4F6D45F64D2CB8953E86 /* PixiaChat.xcdatamodeld */; };
/* End PBXBuildFile section */

/* Begin PBXFileReference section */
		49E038529E774D348F9DE9E5 /* PixiaChat.app */ = {isa = PBXFileReference; explicitFileType = wrapper.application; path = PixiaChat.app; sourceTree = BUILT_PRODUCTS_DIR; };
		E029B7A66619443C97B80FA7 /* Info.plist */ = {isa = PBXFileReference; lastKnownFileType = text.plist.xml; path = Info.plist; sourceTree = "<group>"; };
		CE7C48B47F3247C18CCF36EC /* LaunchScreen.storyboard */ = {isa = PBXFileReference; lastKnownFileType = file.storyboard; path = LaunchScreen.storyboard; sourceTree = "<group>"; };
		94BB5FE08CE24CB3BC1D61D8 /* Assets.xcassets */ = {isa = PBXFileReference; lastKnownFileType = folder.assetcatalog; path = Assets.xcassets; sourceTree = "<group>"; };

		07CE0A551DC343A298DB7FE9 /* PixiaChat.xcdatamodel */ = {isa = PBXFileReference; lastKnownFileType = wrapper.xcdatamodel; path = PixiaChat.xcdatamodel; sourceTree = "<group>"; };

		9085A8821D714A7CA0BC5FD4 /* PixiaChatApp.swift */ = {isa = PBXFileReference; lastKnownFileType = sourcecode.swift; path = PixiaChatApp.swift; sourceTree = "<group>"; };
		ED9E2B0AB01247418A49D7EA /* RootView.swift */ = {isa = PBXFileReference; lastKnownFileType = sourcecode.swift; path = RootView.swift; sourceTree = "<group>"; };
		9788E768F54E4D5C8E06E509 /* ChatListView.swift */ = {isa = PBXFileReference; lastKnownFileType = sourcecode.swift; path = ChatListView.swift; sourceTree = "<group>"; };
		BE052899F08A49699493A588 /* ChatView.swift */ = {isa = PBXFileReference; lastKnownFileType = sourcecode.swift; path = ChatView.swift; sourceTree = "<group>"; };
		8788F0BDDE4E437DA035B3F7 /* SettingsView.swift */ = {isa = PBXFileReference; lastKnownFileType = sourcecode.swift; path = SettingsView.swift; sourceTree = "<group>"; };
		3339086E469A41AE8971DFE8 /* ChatBubbleView.swift */ = {isa = PBXFileReference; lastKnownFileType = sourcecode.swift; path = ChatBubbleView.swift; sourceTree = "<group>"; };

		FE70FCC9B189450E93CB088A /* ChatMessage.swift */ = {isa = PBXFileReference; lastKnownFileType = sourcecode.swift; path = ChatMessage.swift; sourceTree = "<group>"; };
		D8DACDA344AE4A6EA3E14223 /* ChatSession+CoreDataClass.swift */ = {isa = PBXFileReference; lastKnownFileType = sourcecode.swift; path = "ChatSession+CoreDataClass.swift"; sourceTree = "<group>"; };
		77953CDE5AB0403089AF662E /* ChatSession+CoreDataProperties.swift */ = {isa = PBXFileReference; lastKnownFileType = sourcecode.swift; path = "ChatSession+CoreDataProperties.swift"; sourceTree = "<group>"; };
		0027FD175E874368B0CFFAB2 /* Message+CoreDataClass.swift */ = {isa = PBXFileReference; lastKnownFileType = sourcecode.swift; path = "Message+CoreDataClass.swift"; sourceTree = "<group>"; };
		05C1252FA3794DF4A0A33A00 /* Message+CoreDataProperties.swift */ = {isa = PBXFileReference; lastKnownFileType = sourcecode.swift; path = "Message+CoreDataProperties.swift"; sourceTree = "<group>"; };

		1B13B0496A5B4CEAAE414968 /* PersistenceController.swift */ = {isa = PBXFileReference; lastKnownFileType = sourcecode.swift; path = PersistenceController.swift; sourceTree = "<group>"; };
		31CE572357FB414DB26A27C6 /* ChatStore.swift */ = {isa = PBXFileReference; lastKnownFileType = sourcecode.swift; path = ChatStore.swift; sourceTree = "<group>"; };

		AC5CD8674373461C8D1B9B71 /* LLMClient.swift */ = {isa = PBXFileReference; lastKnownFileType = sourcecode.swift; path = LLMClient.swift; sourceTree = "<group>"; };
		63A6A2C2B6FF40DE9F02D992 /* OpenAIChatCompletionsClient.swift */ = {isa = PBXFileReference; lastKnownFileType = sourcecode.swift; path = OpenAIChatCompletionsClient.swift; sourceTree = "<group>"; };
		82B9EDE0EF024853A9455D2D /* OpenAIResponsesClient.swift */ = {isa = PBXFileReference; lastKnownFileType = sourcecode.swift; path = OpenAIResponsesClient.swift; sourceTree = "<group>"; };
		307822B0F57F462D9D48A7B2 /* SSEParser.swift */ = {isa = PBXFileReference; lastKnownFileType = sourcecode.swift; path = SSEParser.swift; sourceTree = "<group>"; };
		862F24C7DAD54E96B72770C3 /* KeychainService.swift */ = {isa = PBXFileReference; lastKnownFileType = sourcecode.swift; path = KeychainService.swift; sourceTree = "<group>"; };
		AD70D96F01F3435B8BE0B54E /* SettingsStore.swift */ = {isa = PBXFileReference; lastKnownFileType = sourcecode.swift; path = SettingsStore.swift; sourceTree = "<group>"; };

		420FBA8B4AB94D939EAD0A5B /* ChatListViewModel.swift */ = {isa = PBXFileReference; lastKnownFileType = sourcecode.swift; path = ChatListViewModel.swift; sourceTree = "<group>"; };
		04B864E7BE8749C1AA44AB92 /* ChatViewModel.swift */ = {isa = PBXFileReference; lastKnownFileType = sourcecode.swift; path = ChatViewModel.swift; sourceTree = "<group>"; };
		A0C69949917F42C99FDD8CB3 /* SettingsViewModel.swift */ = {isa = PBXFileReference; lastKnownFileType = sourcecode.swift; path = SettingsViewModel.swift; sourceTree = "<group>"; };
/* End PBXFileReference section */

/* Begin PBXFrameworksBuildPhase section */
		4A7FD201E9164703B45D80F5 /* Frameworks */ = {
			isa = PBXFrameworksBuildPhase;
			buildActionMask = 2147483647;
			files = (
			);
			runOnlyForDeploymentPostprocessing = 0;
		};
/* End PBXFrameworksBuildPhase section */

/* Begin PBXGroup section */
		36FC70A668604533909A866A = {
			isa = PBXGroup;
			children = (
				8AE731BA4A3A4DE3A5A0FB76 /* pixia-chat */,
				A9EE4F1FF3F84B7AB31E9365 /* Products */,
			);
			sourceTree = "<group>";
		};

		A9EE4F1FF3F84B7AB31E9365 /* Products */ = {
			isa = PBXGroup;
			children = (
				49E038529E774D348F9DE9E5 /* PixiaChat.app */,
			);
			name = Products;
			sourceTree = "<group>";
		};

		8AE731BA4A3A4DE3A5A0FB76 /* pixia-chat */ = {
			isa = PBXGroup;
			children = (
				3DF50B5690594DCFBC62629A /* App */,
				E6A333F5DA114E28887ECAF4 /* Models */,
				A1DA42CA8E2C4AFBB43E5B00 /* Stores */,
				0CE7C09BEEFD4F6285FAC949 /* Services */,
				D24296E29720454085D0A93A /* ViewModels */,
				F0C6BBB019C94B1FA0184809 /* Views */,
				B926525F49884EA789E1CF1B /* Resources */,
			);
			sourceTree = "<group>";
		};

		3DF50B5690594DCFBC62629A /* App */ = {
			isa = PBXGroup;
			children = (
				9085A8821D714A7CA0BC5FD4 /* PixiaChatApp.swift */,
			);
			path = App;
			sourceTree = "<group>";
		};

		E6A333F5DA114E28887ECAF4 /* Models */ = {
			isa = PBXGroup;
			children = (
				FE70FCC9B189450E93CB088A /* ChatMessage.swift */,
				D8DACDA344AE4A6EA3E14223 /* ChatSession+CoreDataClass.swift */,
				77953CDE5AB0403089AF662E /* ChatSession+CoreDataProperties.swift */,
				0027FD175E874368B0CFFAB2 /* Message+CoreDataClass.swift */,
				05C1252FA3794DF4A0A33A00 /* Message+CoreDataProperties.swift */,
			);
			path = Models;
			sourceTree = "<group>";
		};

		A1DA42CA8E2C4AFBB43E5B00 /* Stores */ = {
			isa = PBXGroup;
			children = (
				1B13B0496A5B4CEAAE414968 /* PersistenceController.swift */,
				31CE572357FB414DB26A27C6 /* ChatStore.swift */,
			);
			path = Stores;
			sourceTree = "<group>";
		};

		0CE7C09BEEFD4F6285FAC949 /* Services */ = {
			isa = PBXGroup;
			children = (
				AC5CD8674373461C8D1B9B71 /* LLMClient.swift */,
				63A6A2C2B6FF40DE9F02D992 /* OpenAIChatCompletionsClient.swift */,
				82B9EDE0EF024853A9455D2D /* OpenAIResponsesClient.swift */,
				307822B0F57F462D9D48A7B2 /* SSEParser.swift */,
				862F24C7DAD54E96B72770C3 /* KeychainService.swift */,
				AD70D96F01F3435B8BE0B54E /* SettingsStore.swift */,
			);
			path = Services;
			sourceTree = "<group>";
		};

		D24296E29720454085D0A93A /* ViewModels */ = {
			isa = PBXGroup;
			children = (
				420FBA8B4AB94D939EAD0A5B /* ChatListViewModel.swift */,
				04B864E7BE8749C1AA44AB92 /* ChatViewModel.swift */,
				A0C69949917F42C99FDD8CB3 /* SettingsViewModel.swift */,
			);
			path = ViewModels;
			sourceTree = "<group>";
		};

		F0C6BBB019C94B1FA0184809 /* Views */ = {
			isa = PBXGroup;
			children = (
				ED9E2B0AB01247418A49D7EA /* RootView.swift */,
				9788E768F54E4D5C8E06E509 /* ChatListView.swift */,
				BE052899F08A49699493A588 /* ChatView.swift */,
				8788F0BDDE4E437DA035B3F7 /* SettingsView.swift */,
				3339086E469A41AE8971DFE8 /* ChatBubbleView.swift */,
			);
			path = Views;
			sourceTree = "<group>";
		};

		B926525F49884EA789E1CF1B /* Resources */ = {
			isa = PBXGroup;
			children = (
				94BB5FE08CE24CB3BC1D61D8 /* Assets.xcassets */,
				CE7C48B47F3247C18CCF36EC /* LaunchScreen.storyboard */,
				661A4F6D45F64D2CB8953E86 /* PixiaChat.xcdatamodeld */,
				E029B7A66619443C97B80FA7 /* Info.plist */,
			);
			sourceTree = "<group>";
		};
/* End PBXGroup section */

/* Begin PBXNativeTarget section */
		2E0B4342D7CA40FE84A6550E /* PixiaChat */ = {
			isa = PBXNativeTarget;
			buildConfigurationList = B466AE8162EF4C1B8B4F4D95 /* Build configuration list for PBXNativeTarget "PixiaChat" */;
			buildPhases = (
				0AB7C9B516EC4B2DB322F481 /* Sources */,
				4A7FD201E9164703B45D80F5 /* Frameworks */,
				BBBE61C914B74F079CEAF30E /* Resources */,
			);
			buildRules = (
			);
			dependencies = (
			);
			name = PixiaChat;
			productName = PixiaChat;
			productReference = 49E038529E774D348F9DE9E5 /* PixiaChat.app */;
			productType = "com.apple.product-type.application";
		};
/* End PBXNativeTarget section */

/* Begin PBXProject section */
		38EDBD7E14184011B35BF5CB /* Project object */ = {
			isa = PBXProject;
			attributes = {
				LastUpgradeCheck = 1500;
				TargetAttributes = {
					2E0B4342D7CA40FE84A6550E = {
						CreatedOnToolsVersion = 15.0;
					};
				};
			};
			buildConfigurationList = 7AD7BCD5C42C4127B3E94D7D /* Build configuration list for PBXProject "pixia-chat" */;
			compatibilityVersion = "Xcode 13.0";
			developmentRegion = en;
			hasScannedForEncodings = 0;
			knownRegions = (
				en,
			);
			mainGroup = 36FC70A668604533909A866A;
			productRefGroup = A9EE4F1FF3F84B7AB31E9365 /* Products */;
			projectDirPath = "";
			projectRoot = "";
			targets = (
				2E0B4342D7CA40FE84A6550E /* PixiaChat */,
			);
		};
/* End PBXProject section */

/* Begin PBXResourcesBuildPhase section */
		BBBE61C914B74F079CEAF30E /* Resources */ = {
			isa = PBXResourcesBuildPhase;
			buildActionMask = 2147483647;
			files = (
				72E05804EE264D71B61E615A /* Assets.xcassets in Resources */,
				B93C4018C1F646F2BF946836 /* LaunchScreen.storyboard in Resources */,
				7CA1A2927F584DA2A0F2F91D /* PixiaChat.xcdatamodeld in Resources */,
			);
			runOnlyForDeploymentPostprocessing = 0;
		};
/* End PBXResourcesBuildPhase section */

/* Begin PBXSourcesBuildPhase section */
		0AB7C9B516EC4B2DB322F481 /* Sources */ = {
			isa = PBXSourcesBuildPhase;
			buildActionMask = 2147483647;
			files = (
				9ED3B04C83674EB984281DBC /* PixiaChatApp.swift in Sources */,
				BCF4090E3F56401B947B9B9C /* RootView.swift in Sources */,
				93951AC8659A45D380A39DB9 /* ChatListView.swift in Sources */,
				BC7789C8734748C8B6738763 /* ChatView.swift in Sources */,
				C728FB52375040798F4C515D /* SettingsView.swift in Sources */,
				71249ED6F9DD4B3A98F3C72B /* ChatBubbleView.swift in Sources */,
				C219CEC0488D45DBB0794E8D /* ChatMessage.swift in Sources */,
				E8A188E636894EB18ACCB8AC /* ChatSession+CoreDataClass.swift in Sources */,
				07A4891B35EB4C55882E12FA /* ChatSession+CoreDataProperties.swift in Sources */,
				CEFAEC2C75A54F3797EB6539 /* Message+CoreDataClass.swift in Sources */,
				ABDFDAE9B6174D5BA8D75A2F /* Message+CoreDataProperties.swift in Sources */,
				088B8CE2843943668261DA14 /* PersistenceController.swift in Sources */,
				B632ED66DC694FAB98122CF0 /* ChatStore.swift in Sources */,
				F8899BD277D44ED88B05F86E /* LLMClient.swift in Sources */,
				B49FCBC83AC44C608CF2DC9D /* OpenAIChatCompletionsClient.swift in Sources */,
				E54D7191DB424F3DACCDAA33 /* OpenAIResponsesClient.swift in Sources */,
				909611446278464D846CC00B /* SSEParser.swift in Sources */,
				B975F4D8ED03499991EEF3A7 /* KeychainService.swift in Sources */,
				2E7F21FAC7094896B4D7A9B5 /* SettingsStore.swift in Sources */,
				289E2F4DB4804C1D85770BE5 /* ChatListViewModel.swift in Sources */,
				A7B4BA5EC541405C82D86552 /* ChatViewModel.swift in Sources */,
				143494019139403E9F6F2EE6 /* SettingsViewModel.swift in Sources */,
			);
			runOnlyForDeploymentPostprocessing = 0;
		};
/* End PBXSourcesBuildPhase section */

/* Begin PBXVariantGroup section */
/* End PBXVariantGroup section */

/* Begin XCBuildConfiguration section */
		7E49334A5DF143DEA54602BA /* Debug */ = {
			isa = XCBuildConfiguration;
			buildSettings = {
				CLANG_ANALYZER_NONNULL = YES;
				CLANG_CXX_LANGUAGE_STANDARD = "gnu++17";
				CLANG_CXX_LIBRARY = "libc++";
				CLANG_ENABLE_MODULES = YES;
				CLANG_ENABLE_OBJC_ARC = YES;
				CLANG_ENABLE_OBJC_WEAK = YES;
				GCC_C_LANGUAGE_STANDARD = gnu11;
			};
			name = Debug;
		};

		35FF6540156F4BF1A5DF0A8F /* Release */ = {
			isa = XCBuildConfiguration;
			buildSettings = {
				CLANG_ANALYZER_NONNULL = YES;
				CLANG_CXX_LANGUAGE_STANDARD = "gnu++17";
				CLANG_CXX_LIBRARY = "libc++";
				CLANG_ENABLE_MODULES = YES;
				CLANG_ENABLE_OBJC_ARC = YES;
				CLANG_ENABLE_OBJC_WEAK = YES;
				GCC_C_LANGUAGE_STANDARD = gnu11;
			};
			name = Release;
		};

		1F73283F93344B2680576002 /* Debug */ = {
			isa = XCBuildConfiguration;
			buildSettings = {
				ASSETCATALOG_COMPILER_APPICON_NAME = AppIcon;
				ASSETCATALOG_COMPILER_GLOBAL_ACCENT_COLOR_NAME = AccentColor;
				CODE_SIGN_STYLE = Automatic;
				CURRENT_PROJECT_VERSION = 1;
				DEVELOPMENT_TEAM = "";
				GENERATE_INFOPLIST_FILE = NO;
				INFOPLIST_FILE = "pixia-chat/Info.plist";
				IPHONEOS_DEPLOYMENT_TARGET = 15.0;
				LD_RUNPATH_SEARCH_PATHS = "$(inherited) @executable_path/Frameworks";
				MARKETING_VERSION = 1.0;
				PRODUCT_BUNDLE_IDENTIFIER = euorg.pixiachat.pixia;
				PRODUCT_NAME = PixiaChat;
				SWIFT_ACTIVE_COMPILATION_CONDITIONS = DEBUG;
				SWIFT_VERSION = 5.0;
				TARGETED_DEVICE_FAMILY = "1,2";
			};
			name = Debug;
		};

		DAA09C0CA4854F1E81662362 /* Release */ = {
			isa = XCBuildConfiguration;
			buildSettings = {
				ASSETCATALOG_COMPILER_APPICON_NAME = AppIcon;
				ASSETCATALOG_COMPILER_GLOBAL_ACCENT_COLOR_NAME = AccentColor;
				CODE_SIGN_STYLE = Automatic;
				CURRENT_PROJECT_VERSION = 1;
				DEVELOPMENT_TEAM = "";
				GENERATE_INFOPLIST_FILE = NO;
				INFOPLIST_FILE = "pixia-chat/Info.plist";
				IPHONEOS_DEPLOYMENT_TARGET = 15.0;
				LD_RUNPATH_SEARCH_PATHS = "$(inherited) @executable_path/Frameworks";
				MARKETING_VERSION = 1.0;
				PRODUCT_BUNDLE_IDENTIFIER = euorg.pixiachat.pixia;
				PRODUCT_NAME = PixiaChat;
				SWIFT_VERSION = 5.0;
				TARGETED_DEVICE_FAMILY = "1,2";
			};
			name = Release;
		};
/* End XCBuildConfiguration section */

/* Begin XCConfigurationList section */
		7AD7BCD5C42C4127B3E94D7D /* Build configuration list for PBXProject "pixia-chat" */ = {
			isa = XCConfigurationList;
			buildConfigurations = (
				7E49334A5DF143DEA54602BA /* Debug */,
				35FF6540156F4BF1A5DF0A8F /* Release */,
			);
			defaultConfigurationIsVisible = 0;
			defaultConfigurationName = Release;
		};

		B466AE8162EF4C1B8B4F4D95 /* Build configuration list for PBXNativeTarget "PixiaChat" */ = {
			isa = XCConfigurationList;
			buildConfigurations = (
				1F73283F93344B2680576002 /* Debug */,
				DAA09C0CA4854F1E81662362 /* Release */,
			);
			defaultConfigurationIsVisible = 0;
			defaultConfigurationName = Release;
		};
/* End XCConfigurationList section */

/* Begin XCVersionGroup section */
		661A4F6D45F64D2CB8953E86 /* PixiaChat.xcdatamodeld */ = {
			isa = XCVersionGroup;
			children = (
				07CE0A551DC343A298DB7FE9 /* PixiaChat.xcdatamodel */,
			);
			currentVersion = 07CE0A551DC343A298DB7FE9 /* PixiaChat.xcdatamodel */;
			path = PixiaChat.xcdatamodeld;
			sourceTree = "<group>";
			versionGroupType = wrapper.xcdatamodel;
		};
/* End XCVersionGroup section */
	};
	rootObject = 38EDBD7E14184011B35BF5CB /* Project object */;
}
